# @generated - this file is auto-generated by `unirtm lock`
# Do not edit manually. See https://github.com/snowdreamtech/unirtm for details.

[[tools."github:anchore/syft"]]
version = "1.51.1"
backend = "github"

[tools."github:anchore/syft"."platforms.linux-amd64"]
checksum = "sha256:8fcb33017a0dc1058298c923c436d19dfa68ae93968e0b423248542e3afb9fc3"
url = "https://github.com/anchore/syft/releases/download/v1.51.1/syft_1.51.1_linux_amd64.tar.gz"

[tools."github:anchore/syft"."platforms.linux-amd64-musl"]
checksum = "sha256:8fcb33017a0dc1058298c923c436d19dfa68ae93968e0b423248542e3afb9fc3"
url = "https://github.com/anchore/syft/releases/download/v1.51.1/syft_1.51.1_linux_amd64.tar.gz"

[tools."github:anchore/syft"."platforms.linux-arm64"]
checksum = "sha256:a7fd2b784e6664acd44719270574f6cd8c6864fc2b1700bf9099bd1cccda7d7f"
url = "https://github.com/anchore/syft/releases/download/v1.51.1/syft_1.51.1_linux_arm64.tar.gz"

[tools."github:anchore/syft"."platforms.linux-arm64-musl"]
checksum = "sha256:a7fd2b784e6664acd44719270574f6cd8c6864fc2b1700bf9099bd1cccda7d7f"
url = "https://github.com/anchore/syft/releases/download/v1.51.1/syft_1.51.1_linux_arm64.tar.gz"

[tools."github:anchore/syft"."platforms.macos-amd64"]
checksum = "sha256:0e186ce1d4351ec276126851ca3ff258ed070e93e73574ed64858d4fc2339867"
url = "https://github.com/anchore/syft/releases/download/v1.51.1/syft_1.51.1_darwin_amd64.tar.gz"

[tools."github:anchore/syft"."platforms.macos-arm64"]
checksum = "sha256:ac063af3b9874769deb7ea1e6d76841e68f9e3bb50cd654226fc977de65532c1"
url = "https://github.com/anchore/syft/releases/download/v1.51.1/syft_1.51.1_darwin_arm64.tar.gz"

[tools."github:anchore/syft"."platforms.windows-amd64"]
checksum = "sha256:5e4bc3e6b6344b4625de0f7aa5351aaa72856d11d78462972de0a101ee2c1c8f"
url = "https://github.com/anchore/syft/releases/download/v1.51.1/syft_1.51.1_windows_amd64.zip"

[tools."github:anchore/syft"."platforms.windows-arm64"]
checksum = "sha256:fa735ee4c25b90b93d6795a15b90d6a0bae78eb5ad7d3d4591b3c10faa3463ad"
url = "https://github.com/anchore/syft/releases/download/v1.51.1/syft_1.51.1_windows_arm64.zip"

[[tools."github:aquasecurity/trivy"]]
version = "0.74.0"
backend = "github"

[tools."github:aquasecurity/trivy"."platforms.linux-amd64"]
checksum = "sha256:2ae6fe3ee734b7fdf11335663e18c75ea12dccc76062f09f164a3b0f8be4371a"
url = "https://github.com/aquasecurity/trivy/releases/download/v0.74.0/trivy_0.74.0_Linux-64bit.tar.gz"

[tools."github:aquasecurity/trivy"."platforms.linux-amd64-musl"]
checksum = "sha256:2ae6fe3ee734b7fdf11335663e18c75ea12dccc76062f09f164a3b0f8be4371a"
url = "https://github.com/aquasecurity/trivy/releases/download/v0.74.0/trivy_0.74.0_Linux-64bit.tar.gz"

[tools."github:aquasecurity/trivy"."platforms.linux-arm64"]
checksum = "sha256:b94ce1976bbf3c15b514b605ee88be7c6d94a29be2302847ff01cb794d47aad5"
url = "https://github.com/aquasecurity/trivy/releases/download/v0.74.0/trivy_0.74.0_Linux-ARM64.tar.gz"

[tools."github:aquasecurity/trivy"."platforms.linux-arm64-musl"]
checksum = "sha256:b94ce1976bbf3c15b514b605ee88be7c6d94a29be2302847ff01cb794d47aad5"
url = "https://github.com/aquasecurity/trivy/releases/download/v0.74.0/trivy_0.74.0_Linux-ARM64.tar.gz"

[tools."github:aquasecurity/trivy"."platforms.macos-amd64"]
checksum = "sha256:472816f6888dda689d075c30254d4210b4d1035acf365aa72332f584c2f60485"
url = "https://github.com/aquasecurity/trivy/releases/download/v0.74.0/trivy_0.74.0_macOS-64bit.tar.gz"

[tools."github:aquasecurity/trivy"."platforms.macos-arm64"]
checksum = "sha256:1caada5e0e2091909357c7525d3aa76f4b660b13821bc143b190c7483e31cc11"
url = "https://github.com/aquasecurity/trivy/releases/download/v0.74.0/trivy_0.74.0_macOS-ARM64.tar.gz"

[tools."github:aquasecurity/trivy"."platforms.windows-amd64"]
checksum = "sha256:94c40e0696e4b907a74b7b2e1438d5d72ebaca83115817407f568a002d520842"
url = "https://github.com/aquasecurity/trivy/releases/download/v0.74.0/trivy_0.74.0_windows-64bit.zip"

[[tools."github:astral-sh/ruff"]]
version = "0.16.6"
backend = "github"

[tools."github:astral-sh/ruff"."platforms.linux-amd64"]
url = "https://github.com/astral-sh/ruff/releases/download/0.16.6/ruff-x86_64-unknown-linux-gnu.tar.gz"

[tools."github:astral-sh/ruff"."platforms.linux-amd64-musl"]
url = "https://github.com/astral-sh/ruff/releases/download/0.16.6/ruff-x86_64-unknown-linux-gnu.tar.gz"

[tools."github:astral-sh/ruff"."platforms.linux-arm64"]
url = "https://github.com/astral-sh/ruff/releases/download/0.16.6/ruff-aarch64-unknown-linux-gnu.tar.gz"

[tools."github:astral-sh/ruff"."platforms.linux-arm64-musl"]
url = "https://github.com/astral-sh/ruff/releases/download/0.16.6/ruff-aarch64-unknown-linux-gnu.tar.gz"

[tools."github:astral-sh/ruff"."platforms.macos-amd64"]
url = "https://github.com/astral-sh/ruff/releases/download/0.16.6/ruff-x86_64-apple-darwin.tar.gz"

[tools."github:astral-sh/ruff"."platforms.macos-arm64"]
checksum = "sha256:77513748c833b435b82453ba20e07db808ef6c5121945ede80a6cf21bee468a4"
url = "https://github.com/astral-sh/ruff/releases/download/0.16.6/ruff-aarch64-apple-darwin.tar.gz"

[tools."github:astral-sh/ruff"."platforms.windows-amd64"]
url = "https://github.com/astral-sh/ruff/releases/download/0.16.6/ruff-x86_64-pc-windows-msvc.zip"

[tools."github:astral-sh/ruff"."platforms.windows-arm64"]
url = "https://github.com/astral-sh/ruff/releases/download/0.16.6/ruff-aarch64-pc-windows-msvc.zip"

[[tools."github:checkmake/checkmake"]]
version = "v0.3.2"
backend = "github"

[tools."github:checkmake/checkmake"."platforms.linux-amd64"]
url = "https://github.com/checkmake/checkmake/releases/download/v0.3.2/checkmake-v0.3.2.linux.amd64"

[tools."github:checkmake/checkmake"."platforms.linux-amd64-musl"]
url = "https://github.com/checkmake/checkmake/releases/download/v0.3.2/checkmake-v0.3.2.linux.amd64"

[tools."github:checkmake/checkmake"."platforms.linux-arm64"]
url = "https://github.com/checkmake/checkmake/releases/download/v0.3.2/checkmake-v0.3.2.linux.arm64"

[tools."github:checkmake/checkmake"."platforms.linux-arm64-musl"]
url = "https://github.com/checkmake/checkmake/releases/download/v0.3.2/checkmake-v0.3.2.linux.arm64"

[tools."github:checkmake/checkmake"."platforms.macos-amd64"]
url = "https://github.com/checkmake/checkmake/releases/download/v0.3.2/checkmake-v0.3.2.darwin.amd64"

[tools."github:checkmake/checkmake"."platforms.macos-arm64"]
url = "https://github.com/checkmake/checkmake/releases/download/v0.3.2/checkmake-v0.3.2.darwin.arm64"

[tools."github:checkmake/checkmake"."platforms.windows-amd64"]
url = "https://github.com/checkmake/checkmake/releases/download/v0.3.2/checkmake-v0.3.2.windows.amd64.exe"

[tools."github:checkmake/checkmake"."platforms.windows-arm64"]
url = "https://github.com/checkmake/checkmake/releases/download/v0.3.2/checkmake-v0.3.2.windows.arm64.exe"

[[tools."github:cli/cli"]]
version = "2.100.0"
backend = "github"

[tools."github:cli/cli"."platforms.linux-amd64"]
checksum = "sha256:e4d4bb4498e8d007abe545b6568926793ace1b6447da598294a610018cb164be"
url = "https://github.com/cli/cli/releases/download/v2.100.0/gh_2.100.0_linux_amd64.tar.gz"

[tools."github:cli/cli"."platforms.linux-amd64-musl"]
checksum = "sha256:e4d4bb4498e8d007abe545b6568926793ace1b6447da598294a610018cb164be"
url = "https://github.com/cli/cli/releases/download/v2.100.0/gh_2.100.0_linux_amd64.tar.gz"

[tools."github:cli/cli"."platforms.linux-arm64"]
checksum = "sha256:ea4e7a581a32ccad6cc7923cb1576ac5859ba4b9a16ab22eb8f8a96e78e2e961"
url = "https://github.com/cli/cli/releases/download/v2.100.0/gh_2.100.0_linux_arm64.tar.gz"

[tools."github:cli/cli"."platforms.linux-arm64-musl"]
checksum = "sha256:ea4e7a581a32ccad6cc7923cb1576ac5859ba4b9a16ab22eb8f8a96e78e2e961"
url = "https://github.com/cli/cli/releases/download/v2.100.0/gh_2.100.0_linux_arm64.tar.gz"

[tools."github:cli/cli"."platforms.macos-amd64"]
checksum = "sha256:fcd7799e85eb575f3c7d2b1679bfbfedaefa1269d4bc7d096b51e10939b4812b"
url = "https://github.com/cli/cli/releases/download/v2.100.0/gh_2.100.0_macOS_amd64.zip"

[tools."github:cli/cli"."platforms.macos-arm64"]
checksum = "sha256:45f9a62da2f6e641a7fad57e2ce39656dfd7ef331372d80a2a2aed65abb01642"
url = "https://github.com/cli/cli/releases/download/v2.100.0/gh_2.100.0_macOS_arm64.zip"

[tools."github:cli/cli"."platforms.windows-amd64"]
checksum = "sha256:227e35230b25db3fa1b997bab7cf4d67df0470a3b75b99e4ee66bce1a7cd4e72"
url = "https://github.com/cli/cli/releases/download/v2.100.0/gh_2.100.0_windows_amd64.zip"

[tools."github:cli/cli"."platforms.windows-arm64"]
checksum = "sha256:7beaeb4743cf255809a8e574a2724c685b566545e04eabea284fe38a56c15b02"
url = "https://github.com/cli/cli/releases/download/v2.100.0/gh_2.100.0_windows_arm64.zip"

[[tools."github:dotenv-linter/dotenv-linter"]]
version = "4.0.0"
backend = "github"

[tools."github:dotenv-linter/dotenv-linter"."platforms.linux-amd64"]
url = "https://github.com/dotenv-linter/dotenv-linter/releases/download/v4.0.0/dotenv-linter-linux-x86_64.tar.gz"

[tools."github:dotenv-linter/dotenv-linter"."platforms.linux-amd64-musl"]
url = "https://github.com/dotenv-linter/dotenv-linter/releases/download/v4.0.0/dotenv-linter-linux-x86_64.tar.gz"

[tools."github:dotenv-linter/dotenv-linter"."platforms.linux-arm64"]
url = "https://github.com/dotenv-linter/dotenv-linter/releases/download/v4.0.0/dotenv-linter-linux-aarch64.tar.gz"

[tools."github:dotenv-linter/dotenv-linter"."platforms.linux-arm64-musl"]
url = "https://github.com/dotenv-linter/dotenv-linter/releases/download/v4.0.0/dotenv-linter-linux-aarch64.tar.gz"

[tools."github:dotenv-linter/dotenv-linter"."platforms.macos-amd64"]
url = "https://github.com/dotenv-linter/dotenv-linter/releases/download/v4.0.0/dotenv-linter-darwin-x86_64.tar.gz"

[tools."github:dotenv-linter/dotenv-linter"."platforms.macos-arm64"]
url = "https://github.com/dotenv-linter/dotenv-linter/releases/download/v4.0.0/dotenv-linter-darwin-arm64.tar.gz"

[tools."github:dotenv-linter/dotenv-linter"."platforms.windows-amd64"]
url = "https://github.com/dotenv-linter/dotenv-linter/releases/download/v4.0.0/dotenv-linter-win-x64.zip"

[tools."github:dotenv-linter/dotenv-linter"."platforms.windows-arm64"]
url = "https://github.com/dotenv-linter/dotenv-linter/releases/download/v4.0.0/dotenv-linter-win-aarch64.zip"

[[tools."github:editorconfig-checker/editorconfig-checker"]]
version = "4.0.0"
backend = "github"

[tools."github:editorconfig-checker/editorconfig-checker"."platforms.linux-amd64"]
checksum = "sha256:9c8bb222a6f55a0abd6dcb81061098a2123f166763a1df34d445396d144e31b8"
url = "https://github.com/editorconfig-checker/editorconfig-checker/releases/download/v4.0.0/editorconfig-checker-linux-amd64.tar.gz"

[tools."github:editorconfig-checker/editorconfig-checker"."platforms.linux-amd64-musl"]
checksum = "sha256:9c8bb222a6f55a0abd6dcb81061098a2123f166763a1df34d445396d144e31b8"
url = "https://github.com/editorconfig-checker/editorconfig-checker/releases/download/v4.0.0/editorconfig-checker-linux-amd64.tar.gz"

[tools."github:editorconfig-checker/editorconfig-checker"."platforms.linux-arm64"]
checksum = "sha256:a2470418cd2b6c7988a29b6e671fef94d449c69c1da1bd0f5ab4ff06047b2200"
url = "https://github.com/editorconfig-checker/editorconfig-checker/releases/download/v4.0.0/editorconfig-checker-linux-arm64.tar.gz"

[tools."github:editorconfig-checker/editorconfig-checker"."platforms.linux-arm64-musl"]
checksum = "sha256:a2470418cd2b6c7988a29b6e671fef94d449c69c1da1bd0f5ab4ff06047b2200"
url = "https://github.com/editorconfig-checker/editorconfig-checker/releases/download/v4.0.0/editorconfig-checker-linux-arm64.tar.gz"

[tools."github:editorconfig-checker/editorconfig-checker"."platforms.macos-amd64"]
checksum = "sha256:01791dbe412a5097584ee99290743e98ec1b49590f379d0475913055f57a01b8"
url = "https://github.com/editorconfig-checker/editorconfig-checker/releases/download/v4.0.0/editorconfig-checker-darwin-all.tar.gz"

[tools."github:editorconfig-checker/editorconfig-checker"."platforms.macos-arm64"]
checksum = "sha256:01791dbe412a5097584ee99290743e98ec1b49590f379d0475913055f57a01b8"
url = "https://github.com/editorconfig-checker/editorconfig-checker/releases/download/v4.0.0/editorconfig-checker-darwin-all.tar.gz"

[tools."github:editorconfig-checker/editorconfig-checker"."platforms.windows-amd64"]
checksum = "sha256:6648dd19f2b2cd00311006cdb5812a132fe312784e7dfaa13354672af4efb77b"
url = "https://github.com/editorconfig-checker/editorconfig-checker/releases/download/v4.0.0/editorconfig-checker-windows-amd64.tar.gz"

[tools."github:editorconfig-checker/editorconfig-checker"."platforms.windows-arm64"]
checksum = "sha256:a3a517146ff4bc6a3ca7452245c6e8dcd49c6fb9a6fc75198c72a101a1478d93"
url = "https://github.com/editorconfig-checker/editorconfig-checker/releases/download/v4.0.0/editorconfig-checker-windows-arm64.tar.gz"

[[tools."github:gitleaks/gitleaks"]]
version = "8.30.1"
backend = "github"

[tools."github:gitleaks/gitleaks"."platforms.linux-amd64"]
checksum = "sha256:551f6fc83ea457d62a0d98237cbad105af8d557003051f41f3e7ca7b3f2470eb"
url = "https://github.com/gitleaks/gitleaks/releases/download/v8.30.1/gitleaks_8.30.1_linux_x64.tar.gz"

[tools."github:gitleaks/gitleaks"."platforms.linux-amd64-musl"]
checksum = "sha256:551f6fc83ea457d62a0d98237cbad105af8d557003051f41f3e7ca7b3f2470eb"
url = "https://github.com/gitleaks/gitleaks/releases/download/v8.30.1/gitleaks_8.30.1_linux_x64.tar.gz"

[tools."github:gitleaks/gitleaks"."platforms.linux-arm64"]
checksum = "sha256:e4a487ee7ccd7d3a7f7ec08657610aa3606637dab924210b3aee62570fb4b080"
url = "https://github.com/gitleaks/gitleaks/releases/download/v8.30.1/gitleaks_8.30.1_linux_arm64.tar.gz"

[tools."github:gitleaks/gitleaks"."platforms.linux-arm64-musl"]
checksum = "sha256:e4a487ee7ccd7d3a7f7ec08657610aa3606637dab924210b3aee62570fb4b080"
url = "https://github.com/gitleaks/gitleaks/releases/download/v8.30.1/gitleaks_8.30.1_linux_arm64.tar.gz"

[tools."github:gitleaks/gitleaks"."platforms.macos-amd64"]
checksum = "sha256:dfe101a4db2255fc85120ac7f3d25e4342c3c20cf749f2c20a18081af1952709"
url = "https://github.com/gitleaks/gitleaks/releases/download/v8.30.1/gitleaks_8.30.1_darwin_x64.tar.gz"

[tools."github:gitleaks/gitleaks"."platforms.macos-arm64"]
checksum = "sha256:b40ab0ae55c505963e365f271a8d3846efbc170aa17f2607f13df610a9aeb6a5"
url = "https://github.com/gitleaks/gitleaks/releases/download/v8.30.1/gitleaks_8.30.1_darwin_arm64.tar.gz"

[tools."github:gitleaks/gitleaks"."platforms.windows-amd64"]
checksum = "sha256:d29144deff3a68aa93ced33dddf84b7fdc26070add4aa0f4513094c8332afc4e"
url = "https://github.com/gitleaks/gitleaks/releases/download/v8.30.1/gitleaks_8.30.1_windows_x64.zip"

[tools."github:gitleaks/gitleaks"."platforms.windows-arm64"]
checksum = "sha256:b95f5e4f5c425cedca7ee203d9afd29597e692c4924a12ed42f970537c72cc0f"
url = "https://github.com/gitleaks/gitleaks/releases/download/v8.30.1/gitleaks_8.30.1_windows_arm64.zip"

[[tools."github:google/osv-scanner"]]
version = "2.5.1"
backend = "github"

[tools."github:google/osv-scanner"."platforms.linux-amd64"]
checksum = "sha256:f9f25499a2c8cc367b3af45df2ea7eeca7fbccceab9c35079968f4b3652194be"
url = "https://github.com/google/osv-scanner/releases/download/v2.5.1/osv-scanner_linux_amd64"

[tools."github:google/osv-scanner"."platforms.linux-amd64-musl"]
checksum = "sha256:f9f25499a2c8cc367b3af45df2ea7eeca7fbccceab9c35079968f4b3652194be"
url = "https://github.com/google/osv-scanner/releases/download/v2.5.1/osv-scanner_linux_amd64"

[tools."github:google/osv-scanner"."platforms.linux-arm64"]
checksum = "sha256:3d0f5aa5a6baa8eb32bcef247388e149ef6030a6634ccae6fa0d62681fb27a6d"
url = "https://github.com/google/osv-scanner/releases/download/v2.5.1/osv-scanner_linux_arm64"

[tools."github:google/osv-scanner"."platforms.linux-arm64-musl"]
checksum = "sha256:3d0f5aa5a6baa8eb32bcef247388e149ef6030a6634ccae6fa0d62681fb27a6d"
url = "https://github.com/google/osv-scanner/releases/download/v2.5.1/osv-scanner_linux_arm64"

[tools."github:google/osv-scanner"."platforms.macos-amd64"]
checksum = "sha256:9f89beb6c3d784893cb1cae0a3d56c529bfe91075418c2f9440c45b79654198b"
url = "https://github.com/google/osv-scanner/releases/download/v2.5.1/osv-scanner_darwin_amd64"

[tools."github:google/osv-scanner"."platforms.macos-arm64"]
checksum = "sha256:75c44d6332f892a1e56286f4105a98ed751ae28d215ca0a8b65cc00d84103054"
url = "https://github.com/google/osv-scanner/releases/download/v2.5.1/osv-scanner_darwin_arm64"

[tools."github:google/osv-scanner"."platforms.windows-amd64"]
checksum = "sha256:25e42f5ef6711fd8c0fb45390972205891dd44c6bd02ac93f0f63e8e98d9bfb6"
url = "https://github.com/google/osv-scanner/releases/download/v2.5.1/osv-scanner_windows_amd64.exe"

[tools."github:google/osv-scanner"."platforms.windows-arm64"]
checksum = "sha256:33feb0b210a3e5ea7b338c719defc899f8833d990cdd297bcad4ff1a2586ec8b"
url = "https://github.com/google/osv-scanner/releases/download/v2.5.1/osv-scanner_windows_arm64.exe"

[[tools."github:goreleaser/goreleaser"]]
version = "2.18.0"
backend = "github"

[tools."github:goreleaser/goreleaser"."platforms.linux-amd64"]
checksum = "sha256:41cdf49b653784b03a08013dd99e382cd5d463049e915c2d818eaed182ae6197"
url = "https://github.com/goreleaser/goreleaser/releases/download/v2.18.0/goreleaser_Linux_x86_64.tar.gz"

[tools."github:goreleaser/goreleaser"."platforms.linux-amd64-musl"]
checksum = "sha256:41cdf49b653784b03a08013dd99e382cd5d463049e915c2d818eaed182ae6197"
url = "https://github.com/goreleaser/goreleaser/releases/download/v2.18.0/goreleaser_Linux_x86_64.tar.gz"

[tools."github:goreleaser/goreleaser"."platforms.linux-arm64"]
checksum = "sha256:1975566c9668e6f4247e6bb57656f21da13635c24d948ef47b1232e5c864a35b"
url = "https://github.com/goreleaser/goreleaser/releases/download/v2.18.0/goreleaser_Linux_arm64.tar.gz"

[tools."github:goreleaser/goreleaser"."platforms.linux-arm64-musl"]
checksum = "sha256:1975566c9668e6f4247e6bb57656f21da13635c24d948ef47b1232e5c864a35b"
url = "https://github.com/goreleaser/goreleaser/releases/download/v2.18.0/goreleaser_Linux_arm64.tar.gz"

[tools."github:goreleaser/goreleaser"."platforms.macos-amd64"]
checksum = "sha256:c115f9ca07163d55885ba2276c5c2efebc95d60f7f7f69fe2dd6a54e97ac6db4"
url = "https://github.com/goreleaser/goreleaser/releases/download/v2.18.0/goreleaser_Darwin_x86_64.tar.gz"

[tools."github:goreleaser/goreleaser"."platforms.macos-arm64"]
checksum = "sha256:1c42b87cbce094a60f1a94dab0c71f640dbe4396fa5dc632b5c25bf14b1e88fc"
url = "https://github.com/goreleaser/goreleaser/releases/download/v2.18.0/goreleaser_Darwin_arm64.tar.gz"

[tools."github:goreleaser/goreleaser"."platforms.windows-amd64"]
checksum = "sha256:cbd0aeab833806b6c07e2d156c2c9baaffa6e3d1fb870071bf3efc9d9e5b4777"
url = "https://github.com/goreleaser/goreleaser/releases/download/v2.18.0/goreleaser_Windows_x86_64.zip"

[tools."github:goreleaser/goreleaser"."platforms.windows-arm64"]
checksum = "sha256:43647ce4e0fbc624d39dd095e0ed5bf55a11978ea58a74a91630fb26eea88511"
url = "https://github.com/goreleaser/goreleaser/releases/download/v2.18.0/goreleaser_Windows_arm64.zip"

[[tools."github:hadolint/hadolint"]]
version = "2.15.1"
backend = "github"

[tools."github:hadolint/hadolint"."platforms.linux-amd64"]
checksum = "sha256:c7187db94eeeeca956519a6af171adc31453941a1e777961f6e680f697c8c507"
url = "https://github.com/hadolint/hadolint/releases/download/v2.15.1/hadolint-linux-x86_64"

[tools."github:hadolint/hadolint"."platforms.linux-amd64-musl"]
checksum = "sha256:c7187db94eeeeca956519a6af171adc31453941a1e777961f6e680f697c8c507"
url = "https://github.com/hadolint/hadolint/releases/download/v2.15.1/hadolint-linux-x86_64"

[tools."github:hadolint/hadolint"."platforms.linux-arm64"]
checksum = "sha256:f6198ef8090f404dbb771abfee086eb8c48ac177f30da7fd3510aca35b344b5d"
url = "https://github.com/hadolint/hadolint/releases/download/v2.15.1/hadolint-linux-arm64"

[tools."github:hadolint/hadolint"."platforms.linux-arm64-musl"]
checksum = "sha256:f6198ef8090f404dbb771abfee086eb8c48ac177f30da7fd3510aca35b344b5d"
url = "https://github.com/hadolint/hadolint/releases/download/v2.15.1/hadolint-linux-arm64"

[tools."github:hadolint/hadolint"."platforms.macos-amd64"]
checksum = "sha256:ffe9bb18b23d5ed1eae50237aecdbb523d016e96da0bd4e7aa432040acfc3fde"
url = "https://github.com/hadolint/hadolint/releases/download/v2.15.1/hadolint-macos-x86_64"

[tools."github:hadolint/hadolint"."platforms.macos-arm64"]
checksum = "sha256:5c09f3213f8e40406abe048233d985eebef336d4a6a20021be47fadb6cf480a2"
url = "https://github.com/hadolint/hadolint/releases/download/v2.15.1/hadolint-macos-arm64"

[tools."github:hadolint/hadolint"."platforms.windows-amd64"]
checksum = "sha256:01d927294962b5387f9ead4f18679158452be4f17c765ad0bdffe5264b9c7b0a"
url = "https://github.com/hadolint/hadolint/releases/download/v2.15.1/hadolint-windows-x86_64.exe"

[[tools."github:koalaman/shellcheck"]]
version = "0.11.0"
backend = "github"

[tools."github:koalaman/shellcheck"."platforms.linux-amd64"]
url = "https://github.com/koalaman/shellcheck/releases/download/v0.11.0/shellcheck-v0.11.0.linux.x86_64.tar.gz"

[tools."github:koalaman/shellcheck"."platforms.linux-amd64-musl"]
url = "https://github.com/koalaman/shellcheck/releases/download/v0.11.0/shellcheck-v0.11.0.linux.x86_64.tar.gz"

[tools."github:koalaman/shellcheck"."platforms.linux-arm64"]
url = "https://github.com/koalaman/shellcheck/releases/download/v0.11.0/shellcheck-v0.11.0.linux.aarch64.tar.gz"

[tools."github:koalaman/shellcheck"."platforms.linux-arm64-musl"]
url = "https://github.com/koalaman/shellcheck/releases/download/v0.11.0/shellcheck-v0.11.0.linux.aarch64.tar.gz"

[tools."github:koalaman/shellcheck"."platforms.macos-amd64"]
url = "https://github.com/koalaman/shellcheck/releases/download/v0.11.0/shellcheck-v0.11.0.darwin.x86_64.tar.gz"

[tools."github:koalaman/shellcheck"."platforms.macos-arm64"]
url = "https://github.com/koalaman/shellcheck/releases/download/v0.11.0/shellcheck-v0.11.0.darwin.aarch64.tar.gz"

[tools."github:koalaman/shellcheck"."platforms.windows-amd64"]
url = "https://github.com/koalaman/shellcheck/releases/download/v0.11.0/shellcheck-v0.11.0.zip"

[[tools."github:rhysd/actionlint"]]
version = "1.7.12"
backend = "github"

[tools."github:rhysd/actionlint"."platforms.linux-amd64"]
checksum = "sha256:8aca8db96f1b94770f1b0d72b6dddcb1ebb8123cb3712530b08cc387b349a3d8"
url = "https://github.com/rhysd/actionlint/releases/download/v1.7.12/actionlint_1.7.12_linux_amd64.tar.gz"

[tools."github:rhysd/actionlint"."platforms.linux-amd64-musl"]
checksum = "sha256:8aca8db96f1b94770f1b0d72b6dddcb1ebb8123cb3712530b08cc387b349a3d8"
url = "https://github.com/rhysd/actionlint/releases/download/v1.7.12/actionlint_1.7.12_linux_amd64.tar.gz"

[tools."github:rhysd/actionlint"."platforms.linux-arm64"]
checksum = "sha256:325e971b6ba9bfa504672e29be93c24981eeb1c07576d730e9f7c8805afff0c6"
url = "https://github.com/rhysd/actionlint/releases/download/v1.7.12/actionlint_1.7.12_linux_arm64.tar.gz"

[tools."github:rhysd/actionlint"."platforms.linux-arm64-musl"]
checksum = "sha256:325e971b6ba9bfa504672e29be93c24981eeb1c07576d730e9f7c8805afff0c6"
url = "https://github.com/rhysd/actionlint/releases/download/v1.7.12/actionlint_1.7.12_linux_arm64.tar.gz"

[tools."github:rhysd/actionlint"."platforms.macos-amd64"]
checksum = "sha256:5b44c3bc2255115c9b69e30efc0fecdf498fdb63c5d58e17084fd5f16324c644"
url = "https://github.com/rhysd/actionlint/releases/download/v1.7.12/actionlint_1.7.12_darwin_amd64.tar.gz"

[tools."github:rhysd/actionlint"."platforms.macos-arm64"]
checksum = "sha256:aba9ced2dee8d27fecca3dc7feb1a7f9a52caefa1eb46f3271ea66b6e0e6953f"
url = "https://github.com/rhysd/actionlint/releases/download/v1.7.12/actionlint_1.7.12_darwin_arm64.tar.gz"

[tools."github:rhysd/actionlint"."platforms.windows-amd64"]
checksum = "sha256:6e7241b51e6817ea6a047693d8e6fed13b31819c9a0dd6c5a726e1592d22f6e9"
url = "https://github.com/rhysd/actionlint/releases/download/v1.7.12/actionlint_1.7.12_windows_amd64.zip"

[tools."github:rhysd/actionlint"."platforms.windows-arm64"]
checksum = "sha256:cadcf7ea4efe3a68728893813643cebe1185e5b1d4be5b96245f65c9a4d5ea41"
url = "https://github.com/rhysd/actionlint/releases/download/v1.7.12/actionlint_1.7.12_windows_arm64.zip"

[[tools."github:zizmorcore/zizmor"]]
version = "1.30.0"
backend = "github"

[tools."github:zizmorcore/zizmor"."platforms.linux-amd64"]
url = "https://github.com/zizmorcore/zizmor/releases/download/v1.30.0/zizmor-x86_64-unknown-linux-gnu.tar.gz"

[tools."github:zizmorcore/zizmor"."platforms.linux-amd64-musl"]
url = "https://github.com/zizmorcore/zizmor/releases/download/v1.30.0/zizmor-x86_64-unknown-linux-gnu.tar.gz"

[tools."github:zizmorcore/zizmor"."platforms.linux-arm64"]
url = "https://github.com/zizmorcore/zizmor/releases/download/v1.30.0/zizmor-aarch64-unknown-linux-gnu.tar.gz"

[tools."github:zizmorcore/zizmor"."platforms.linux-arm64-musl"]
url = "https://github.com/zizmorcore/zizmor/releases/download/v1.30.0/zizmor-aarch64-unknown-linux-gnu.tar.gz"

[tools."github:zizmorcore/zizmor"."platforms.macos-amd64"]
url = "https://github.com/zizmorcore/zizmor/releases/download/v1.30.0/zizmor-x86_64-apple-darwin.tar.gz"

[tools."github:zizmorcore/zizmor"."platforms.macos-arm64"]
url = "https://github.com/zizmorcore/zizmor/releases/download/v1.30.0/zizmor-aarch64-apple-darwin.tar.gz"

[tools."github:zizmorcore/zizmor"."platforms.windows-amd64"]
url = "https://github.com/zizmorcore/zizmor/releases/download/v1.30.0/zizmor-x86_64-pc-windows-msvc.zip"

[[tools."go"]]
version = "1.27.1"
backend = "native"

[tools."go"."platforms.linux-amd64"]
checksum = "sha256:63d339f0da5ab53635a56f2490a7984dfe12dfcff22ad749f63edaf590168445"
url = "https://go.dev/dl/go1.27.1.linux-amd64.tar.gz"
gpg_key = "EB4C1BF148A2C440F831EE8752D905A67D74191C"

[tools."go"."platforms.linux-amd64-musl"]
checksum = "sha256:63d339f0da5ab53635a56f2490a7984dfe12dfcff22ad749f63edaf590168445"
url = "https://go.dev/dl/go1.27.1.linux-amd64.tar.gz"
gpg_key = "EB4C1BF148A2C440F831EE8752D905A67D74191C"

[tools."go"."platforms.linux-arm64"]
checksum = "sha256:3450b45a3f9ee8568792736a5c5e70a1f2e9b36c35a8f74958c03e51d7d92bec"
url = "https://go.dev/dl/go1.27.1.linux-arm64.tar.gz"
gpg_key = "EB4C1BF148A2C440F831EE8752D905A67D74191C"

[tools."go"."platforms.linux-arm64-musl"]
checksum = "sha256:3450b45a3f9ee8568792736a5c5e70a1f2e9b36c35a8f74958c03e51d7d92bec"
url = "https://go.dev/dl/go1.27.1.linux-arm64.tar.gz"
gpg_key = "EB4C1BF148A2C440F831EE8752D905A67D74191C"

[tools."go"."platforms.macos-amd64"]
checksum = "sha256:8f8f52c6649542cf027bbc9b9c68d1ec042f9f34808a40413f0b8b3f66f3caa4"
url = "https://go.dev/dl/go1.27.1.darwin-amd64.tar.gz"
gpg_key = "EB4C1BF148A2C440F831EE8752D905A67D74191C"

[tools."go"."platforms.macos-arm64"]
checksum = "sha256:ee215d57e0ec269c60cc9ceca68e6bda321ba9ee5afe24f4b0988703c2d87d12"
url = "https://go.dev/dl/go1.27.1.darwin-arm64.tar.gz"
gpg_key = "EB4C1BF148A2C440F831EE8752D905A67D74191C"

[tools."go"."platforms.windows-amd64"]
checksum = "sha256:a3911b5e0e1b1053f25ed0675f4c1c6aad1e2bfcf253df2b9be4caabd2edd95d"
url = "https://go.dev/dl/go1.27.1.windows-amd64.zip"
gpg_key = "EB4C1BF148A2C440F831EE8752D905A67D74191C"

[tools."go"."platforms.windows-arm64"]
checksum = "sha256:13b69b87bb0e83f96bc68560a8cace7f0343b1e03469f1110ea18d17e3234069"
url = "https://go.dev/dl/go1.27.1.windows-arm64.zip"
gpg_key = "EB4C1BF148A2C440F831EE8752D905A67D74191C"

[[tools."go:github.com/golangci/golangci-lint/v2/cmd/golangci-lint"]]
version = "v2.13.2"
backend = "go"

[tools."go:github.com/golangci/golangci-lint/v2/cmd/golangci-lint"."platforms.linux-amd64"]

[tools."go:github.com/golangci/golangci-lint/v2/cmd/golangci-lint"."platforms.linux-amd64-musl"]

[tools."go:github.com/golangci/golangci-lint/v2/cmd/golangci-lint"."platforms.linux-arm64"]

[tools."go:github.com/golangci/golangci-lint/v2/cmd/golangci-lint"."platforms.linux-arm64-musl"]

[tools."go:github.com/golangci/golangci-lint/v2/cmd/golangci-lint"."platforms.macos-amd64"]

[tools."go:github.com/golangci/golangci-lint/v2/cmd/golangci-lint"."platforms.macos-arm64"]

[tools."go:github.com/golangci/golangci-lint/v2/cmd/golangci-lint"."platforms.windows-amd64"]

[tools."go:github.com/golangci/golangci-lint/v2/cmd/golangci-lint"."platforms.windows-arm64"]

[[tools."go:github.com/securego/gosec/v2/cmd/gosec"]]
version = "v2.29.0"
backend = "go"

[tools."go:github.com/securego/gosec/v2/cmd/gosec"."platforms.linux-amd64"]

[tools."go:github.com/securego/gosec/v2/cmd/gosec"."platforms.linux-amd64-musl"]

[tools."go:github.com/securego/gosec/v2/cmd/gosec"."platforms.linux-arm64"]

[tools."go:github.com/securego/gosec/v2/cmd/gosec"."platforms.linux-arm64-musl"]

[tools."go:github.com/securego/gosec/v2/cmd/gosec"."platforms.macos-amd64"]

[tools."go:github.com/securego/gosec/v2/cmd/gosec"."platforms.macos-arm64"]

[tools."go:github.com/securego/gosec/v2/cmd/gosec"."platforms.windows-amd64"]

[tools."go:github.com/securego/gosec/v2/cmd/gosec"."platforms.windows-arm64"]

[[tools."go:golang.org/x/tools/cmd/goimports"]]
version = "v0.49.0"
backend = "go"

[tools."go:golang.org/x/tools/cmd/goimports"."platforms.linux-amd64"]

[tools."go:golang.org/x/tools/cmd/goimports"."platforms.linux-amd64-musl"]

[tools."go:golang.org/x/tools/cmd/goimports"."platforms.linux-arm64"]

[tools."go:golang.org/x/tools/cmd/goimports"."platforms.linux-arm64-musl"]

[tools."go:golang.org/x/tools/cmd/goimports"."platforms.macos-amd64"]

[tools."go:golang.org/x/tools/cmd/goimports"."platforms.macos-arm64"]

[tools."go:golang.org/x/tools/cmd/goimports"."platforms.windows-amd64"]

[tools."go:golang.org/x/tools/cmd/goimports"."platforms.windows-arm64"]

[[tools."go:golang.org/x/vuln/cmd/govulncheck"]]
version = "v1.7.0"
backend = "go"

[tools."go:golang.org/x/vuln/cmd/govulncheck"."platforms.linux-amd64"]

[tools."go:golang.org/x/vuln/cmd/govulncheck"."platforms.linux-amd64-musl"]

[tools."go:golang.org/x/vuln/cmd/govulncheck"."platforms.linux-arm64"]

[tools."go:golang.org/x/vuln/cmd/govulncheck"."platforms.linux-arm64-musl"]

[tools."go:golang.org/x/vuln/cmd/govulncheck"."platforms.macos-amd64"]

[tools."go:golang.org/x/vuln/cmd/govulncheck"."platforms.macos-arm64"]

[tools."go:golang.org/x/vuln/cmd/govulncheck"."platforms.windows-amd64"]

[tools."go:golang.org/x/vuln/cmd/govulncheck"."platforms.windows-arm64"]

[[tools."go:mvdan.cc/sh/v3/cmd/shfmt"]]
version = "v3.14.0"
backend = "go"

[tools."go:mvdan.cc/sh/v3/cmd/shfmt"."platforms.linux-amd64"]

[tools."go:mvdan.cc/sh/v3/cmd/shfmt"."platforms.linux-amd64-musl"]

[tools."go:mvdan.cc/sh/v3/cmd/shfmt"."platforms.linux-arm64"]

[tools."go:mvdan.cc/sh/v3/cmd/shfmt"."platforms.linux-arm64-musl"]

[tools."go:mvdan.cc/sh/v3/cmd/shfmt"."platforms.macos-amd64"]

[tools."go:mvdan.cc/sh/v3/cmd/shfmt"."platforms.macos-arm64"]

[tools."go:mvdan.cc/sh/v3/cmd/shfmt"."platforms.windows-amd64"]

[tools."go:mvdan.cc/sh/v3/cmd/shfmt"."platforms.windows-arm64"]

[[tools."node"]]
version = "26.8.1"
backend = "native"

[tools."node"."platforms.linux-amd64"]
url = "https://nodejs.org/dist/v26.8.1/node-v26.8.1-linux-x64.tar.gz"
gpg_key = "C4F0DFFF4E8C1A8236409D08E73BC641CC11F4C8"

[tools."node"."platforms.linux-amd64-musl"]
url = "https://nodejs.org/dist/v26.8.1/node-v26.8.1-linux-x64.tar.gz"
gpg_key = "C4F0DFFF4E8C1A8236409D08E73BC641CC11F4C8"

[tools."node"."platforms.linux-arm64"]
url = "https://nodejs.org/dist/v26.8.1/node-v26.8.1-linux-arm64.tar.gz"
gpg_key = "C4F0DFFF4E8C1A8236409D08E73BC641CC11F4C8"

[tools."node"."platforms.linux-arm64-musl"]
url = "https://nodejs.org/dist/v26.8.1/node-v26.8.1-linux-arm64.tar.gz"
gpg_key = "C4F0DFFF4E8C1A8236409D08E73BC641CC11F4C8"

[tools."node"."platforms.macos-amd64"]
url = "https://nodejs.org/dist/v26.8.1/node-v26.8.1-darwin-x64.tar.gz"
gpg_key = "C4F0DFFF4E8C1A8236409D08E73BC641CC11F4C8"

[tools."node"."platforms.macos-arm64"]
url = "https://nodejs.org/dist/v26.8.1/node-v26.8.1-darwin-arm64.tar.gz"
gpg_key = "C4F0DFFF4E8C1A8236409D08E73BC641CC11F4C8"

[tools."node"."platforms.windows-amd64"]
url = "https://nodejs.org/dist/v26.8.1/node-v26.8.1-win-x64.zip"
gpg_key = "C4F0DFFF4E8C1A8236409D08E73BC641CC11F4C8"

[tools."node"."platforms.windows-arm64"]
url = "https://nodejs.org/dist/v26.8.1/node-v26.8.1-win-arm64.zip"
gpg_key = "C4F0DFFF4E8C1A8236409D08E73BC641CC11F4C8"

[[tools."npm:@commitlint/cli"]]
version = "21.2.2"
backend = "npm"

[tools."npm:@commitlint/cli"."platforms.linux-amd64"]

[tools."npm:@commitlint/cli"."platforms.linux-amd64-musl"]

[tools."npm:@commitlint/cli"."platforms.linux-arm64"]

[tools."npm:@commitlint/cli"."platforms.linux-arm64-musl"]

[tools."npm:@commitlint/cli"."platforms.macos-amd64"]

[tools."npm:@commitlint/cli"."platforms.macos-arm64"]

[tools."npm:@commitlint/cli"."platforms.windows-amd64"]

[tools."npm:@commitlint/cli"."platforms.windows-arm64"]

[[tools."npm:@commitlint/config-conventional"]]
version = "21.2.2"
backend = "npm"

[tools."npm:@commitlint/config-conventional"."platforms.linux-amd64"]

[tools."npm:@commitlint/config-conventional"."platforms.linux-amd64-musl"]

[tools."npm:@commitlint/config-conventional"."platforms.linux-arm64"]

[tools."npm:@commitlint/config-conventional"."platforms.linux-arm64-musl"]

[tools."npm:@commitlint/config-conventional"."platforms.macos-amd64"]

[tools."npm:@commitlint/config-conventional"."platforms.macos-arm64"]

[tools."npm:@commitlint/config-conventional"."platforms.windows-amd64"]

[tools."npm:@commitlint/config-conventional"."platforms.windows-arm64"]

[[tools."npm:@taplo/cli"]]
version = "0.7.0"
backend = "npm"

[tools."npm:@taplo/cli"."platforms.linux-amd64"]

[tools."npm:@taplo/cli"."platforms.linux-amd64-musl"]

[tools."npm:@taplo/cli"."platforms.linux-arm64"]

[tools."npm:@taplo/cli"."platforms.linux-arm64-musl"]

[tools."npm:@taplo/cli"."platforms.macos-amd64"]

[tools."npm:@taplo/cli"."platforms.macos-arm64"]

[tools."npm:@taplo/cli"."platforms.windows-amd64"]

[tools."npm:@taplo/cli"."platforms.windows-arm64"]

[[tools."npm:bats"]]
version = "1.13.0"
backend = "npm"

[tools."npm:bats"."platforms.linux-amd64"]

[tools."npm:bats"."platforms.linux-amd64-musl"]

[tools."npm:bats"."platforms.linux-arm64"]

[tools."npm:bats"."platforms.linux-arm64-musl"]

[tools."npm:bats"."platforms.macos-amd64"]

[tools."npm:bats"."platforms.macos-arm64"]

[tools."npm:bats"."platforms.windows-amd64"]

[tools."npm:bats"."platforms.windows-arm64"]

[[tools."npm:commitizen"]]
version = "4.3.2"
backend = "npm"

[tools."npm:commitizen"."platforms.linux-amd64"]

[tools."npm:commitizen"."platforms.linux-amd64-musl"]

[tools."npm:commitizen"."platforms.linux-arm64"]

[tools."npm:commitizen"."platforms.linux-arm64-musl"]

[tools."npm:commitizen"."platforms.macos-amd64"]

[tools."npm:commitizen"."platforms.macos-arm64"]

[tools."npm:commitizen"."platforms.windows-amd64"]

[tools."npm:commitizen"."platforms.windows-arm64"]

[[tools."npm:cz-conventional-changelog"]]
version = "3.3.0"
backend = "npm"

[tools."npm:cz-conventional-changelog"."platforms.linux-amd64"]

[tools."npm:cz-conventional-changelog"."platforms.linux-amd64-musl"]

[tools."npm:cz-conventional-changelog"."platforms.linux-arm64"]

[tools."npm:cz-conventional-changelog"."platforms.linux-arm64-musl"]

[tools."npm:cz-conventional-changelog"."platforms.macos-amd64"]

[tools."npm:cz-conventional-changelog"."platforms.macos-arm64"]

[tools."npm:cz-conventional-changelog"."platforms.windows-amd64"]

[tools."npm:cz-conventional-changelog"."platforms.windows-arm64"]

[[tools."npm:dockerfile-utils"]]
version = "0.16.3"
backend = "npm"

[tools."npm:dockerfile-utils"."platforms.linux-amd64"]

[tools."npm:dockerfile-utils"."platforms.linux-amd64-musl"]

[tools."npm:dockerfile-utils"."platforms.linux-arm64"]

[tools."npm:dockerfile-utils"."platforms.linux-arm64-musl"]

[tools."npm:dockerfile-utils"."platforms.macos-amd64"]

[tools."npm:dockerfile-utils"."platforms.macos-arm64"]

[tools."npm:dockerfile-utils"."platforms.windows-amd64"]

[tools."npm:dockerfile-utils"."platforms.windows-arm64"]

[[tools."npm:eslint"]]
version = "10.9.1"
backend = "npm"

[tools."npm:eslint"."platforms.linux-amd64"]

[tools."npm:eslint"."platforms.linux-amd64-musl"]

[tools."npm:eslint"."platforms.linux-arm64"]

[tools."npm:eslint"."platforms.linux-arm64-musl"]

[tools."npm:eslint"."platforms.macos-amd64"]

[tools."npm:eslint"."platforms.macos-arm64"]

[tools."npm:eslint"."platforms.windows-amd64"]

[tools."npm:eslint"."platforms.windows-arm64"]

[[tools."npm:markdownlint-cli2"]]
version = "0.23.2"
backend = "npm"

[tools."npm:markdownlint-cli2"."platforms.linux-amd64"]

[tools."npm:markdownlint-cli2"."platforms.linux-amd64-musl"]

[tools."npm:markdownlint-cli2"."platforms.linux-arm64"]

[tools."npm:markdownlint-cli2"."platforms.linux-arm64-musl"]

[tools."npm:markdownlint-cli2"."platforms.macos-amd64"]

[tools."npm:markdownlint-cli2"."platforms.macos-arm64"]

[tools."npm:markdownlint-cli2"."platforms.windows-amd64"]

[tools."npm:markdownlint-cli2"."platforms.windows-arm64"]

[[tools."npm:prettier"]]
version = "3.9.6"
backend = "npm"

[tools."npm:prettier"."platforms.linux-amd64"]

[tools."npm:prettier"."platforms.linux-amd64-musl"]

[tools."npm:prettier"."platforms.linux-arm64"]

[tools."npm:prettier"."platforms.linux-arm64-musl"]

[tools."npm:prettier"."platforms.macos-amd64"]

[tools."npm:prettier"."platforms.macos-arm64"]

[tools."npm:prettier"."platforms.windows-amd64"]

[tools."npm:prettier"."platforms.windows-arm64"]

[[tools."npm:sort-package-json"]]
version = "4.0.0"
backend = "npm"

[tools."npm:sort-package-json"."platforms.linux-amd64"]

[tools."npm:sort-package-json"."platforms.linux-amd64-musl"]

[tools."npm:sort-package-json"."platforms.linux-arm64"]

[tools."npm:sort-package-json"."platforms.linux-arm64-musl"]

[tools."npm:sort-package-json"."platforms.macos-amd64"]

[tools."npm:sort-package-json"."platforms.macos-arm64"]

[tools."npm:sort-package-json"."platforms.windows-amd64"]

[tools."npm:sort-package-json"."platforms.windows-arm64"]

[[tools."npm:stylelint"]]
version = "17.14.1"
backend = "npm"

[tools."npm:stylelint"."platforms.linux-amd64"]

[tools."npm:stylelint"."platforms.linux-amd64-musl"]

[tools."npm:stylelint"."platforms.linux-arm64"]

[tools."npm:stylelint"."platforms.linux-arm64-musl"]

[tools."npm:stylelint"."platforms.macos-amd64"]

[tools."npm:stylelint"."platforms.macos-arm64"]

[tools."npm:stylelint"."platforms.windows-amd64"]

[tools."npm:stylelint"."platforms.windows-arm64"]

[[tools."pipx:clang-format"]]
version = "23.1.0"
backend = "pipx"

[tools."pipx:clang-format"."platforms.linux-amd64"]

[tools."pipx:clang-format"."platforms.linux-amd64-musl"]

[tools."pipx:clang-format"."platforms.linux-arm64"]

[tools."pipx:clang-format"."platforms.linux-arm64-musl"]

[tools."pipx:clang-format"."platforms.macos-amd64"]

[tools."pipx:clang-format"."platforms.macos-arm64"]

[tools."pipx:clang-format"."platforms.windows-amd64"]

[tools."pipx:clang-format"."platforms.windows-arm64"]

[[tools."pipx:pip-audit"]]
version = "2.10.1"
backend = "pipx"

[tools."pipx:pip-audit"."platforms.linux-amd64"]

[tools."pipx:pip-audit"."platforms.linux-amd64-musl"]

[tools."pipx:pip-audit"."platforms.linux-arm64"]

[tools."pipx:pip-audit"."platforms.linux-arm64-musl"]

[tools."pipx:pip-audit"."platforms.macos-amd64"]

[tools."pipx:pip-audit"."platforms.macos-arm64"]

[tools."pipx:pip-audit"."platforms.windows-amd64"]

[tools."pipx:pip-audit"."platforms.windows-arm64"]

[[tools."pipx:pre-commit"]]
version = "4.6.2"
backend = "pipx"

[tools."pipx:pre-commit"."platforms.linux-amd64"]

[tools."pipx:pre-commit"."platforms.linux-amd64-musl"]

[tools."pipx:pre-commit"."platforms.linux-arm64"]

[tools."pipx:pre-commit"."platforms.linux-arm64-musl"]

[tools."pipx:pre-commit"."platforms.macos-amd64"]

[tools."pipx:pre-commit"."platforms.macos-arm64"]

[tools."pipx:pre-commit"."platforms.windows-amd64"]

[tools."pipx:pre-commit"."platforms.windows-arm64"]

[[tools."pipx:yamllint"]]
version = "1.38.0"
backend = "pipx"

[tools."pipx:yamllint"."platforms.linux-amd64"]

[tools."pipx:yamllint"."platforms.linux-amd64-musl"]

[tools."pipx:yamllint"."platforms.linux-arm64"]

[tools."pipx:yamllint"."platforms.linux-arm64-musl"]

[tools."pipx:yamllint"."platforms.macos-amd64"]

[tools."pipx:yamllint"."platforms.macos-arm64"]

[tools."pipx:yamllint"."platforms.windows-amd64"]

[tools."pipx:yamllint"."platforms.windows-arm64"]

[[tools."python"]]
version = "3.14.7"
backend = "native"

[tools."python"."platforms.linux-amd64"]
url = "https://github.com/astral-sh/python-build-standalone/releases/download/20260901/cpython-3.14.7%2B20260901-x86_64-unknown-linux-gnu-debug-full.tar.zst"

[tools."python"."platforms.linux-amd64-musl"]
url = "https://github.com/astral-sh/python-build-standalone/releases/download/20260901/cpython-3.14.7%2B20260901-x86_64-unknown-linux-gnu-debug-full.tar.zst"

[tools."python"."platforms.linux-arm64"]
url = "https://github.com/astral-sh/python-build-standalone/releases/download/20260901/cpython-3.14.7%2B20260901-aarch64-unknown-linux-gnu-debug-full.tar.zst"

[tools."python"."platforms.linux-arm64-musl"]
url = "https://github.com/astral-sh/python-build-standalone/releases/download/20260901/cpython-3.14.7%2B20260901-aarch64-unknown-linux-gnu-debug-full.tar.zst"

[tools."python"."platforms.macos-amd64"]
url = "https://github.com/astral-sh/python-build-standalone/releases/download/20260901/cpython-3.14.7%2B20260901-x86_64-apple-darwin-debug-full.tar.zst"

[tools."python"."platforms.macos-arm64"]
url = "https://github.com/astral-sh/python-build-standalone/releases/download/20260901/cpython-3.14.7%2B20260901-aarch64-apple-darwin-debug-full.tar.zst"

[tools."python"."platforms.windows-amd64"]
url = "https://github.com/astral-sh/python-build-standalone/releases/download/20260901/cpython-3.14.7%2B20260901-x86_64-pc-windows-msvc-freethreaded%2Bpgo-full.tar.zst"

[tools."python"."platforms.windows-arm64"]
url = "https://github.com/astral-sh/python-build-standalone/releases/download/20260901/cpython-3.14.7%2B20260901-aarch64-pc-windows-msvc-freethreaded%2Bpgo-full.tar.zst"
